
Microsoft Visual Studio Solution File, Format Version 12.00
# Visual Studio Version 17
VisualStudioVersion = 17.5.33516.290
MinimumVisualStudioVersion = 10.0.40219.1
Project("{FAE04EC0-301F-11D3-BF4B-00C04F79EFBC}") = "bigdata", "bigdata\bigdata.csproj", "{D9A536A2-5218-4A2A-8C49-D5727B278792}"
EndProject
Project("{FAE04EC0-301F-11D3-BF4B-00C04F79EFBC}") = "Dal", "Dal\Dal.csproj", "{B8285349-09ED-4110-899D-88F9E9065AEA}"
EndProject
Global
	GlobalSection(SolutionConfigurationPlatforms) = preSolution
		Debug|Any CPU = Debug|Any CPU
		Release|Any CPU = Release|Any CPU
	EndGlobalSection
	GlobalSection(ProjectConfigurationPlatforms) = postSolution
		{D9A536A2-5218-4A2A-8C49-D5727B278792}.Debug|Any CPU.ActiveCfg = Debug|Any CPU
		{D9A536A2-5218-4A2A-8C49-D5727B278792}.Debug|Any CPU.Build.0 = Debug|Any CPU
		{D9A536A2-5218-4A2A-8C49-D5727B278792}.Release|Any CPU.ActiveCfg = Release|Any CPU
		{D9A536A2-5218-4A2A-8C49-D5727B278792}.Release|Any CPU.Build.0 = Release|Any CPU
		{B8285349-09ED-4110-899D-88F9E9065AEA}.Debug|Any CPU.ActiveCfg = Debug|Any CPU
		{B8285349-09ED-4110-899D-88F9E9065AEA}.Debug|Any CPU.Build.0 = Debug|Any CPU
		{B8285349-09ED-4110-899D-88F9E9065AEA}.Release|Any CPU.ActiveCfg = Release|Any CPU
		{B8285349-09ED-4110-899D-88F9E9065AEA}.Release|Any CPU.Build.0 = Release|Any CPU
	EndGlobalSection
	GlobalSection(SolutionProperties) = preSolution
		HideSolutionNode = FALSE
	EndGlobalSection
	GlobalSection(ExtensibilityGlobals) = postSolution
		SolutionGuid = {1BBD5F3E-B4D6-43B0-BF7D-0CFB44B68E13}
	EndGlobalSection
EndGlobal
